
Microsoft Visual Studio Solution File, Format Version 12.00
# Visual Studio Version 17
VisualStudioVersion = 17.14.36203.30
MinimumVisualStudioVersion = 10.0.40219.1
Project("{FAE04EC0-301F-11D3-BF4B-00C04F79EFBC}") = "MinshpWebApp.Dal", "MinshpWebApp.Dal\MinshpWebApp.Dal.csproj", "{0EB527E1-561D-4B52-98C6-2D1C25AB7A6F}"
EndProject
Project("{FAE04EC0-301F-11D3-BF4B-00C04F79EFBC}") = "MinshpWebApp.Domain", "MinshpWebApp.Domain\MinshpWebApp.Domain.csproj", "{D6469C4F-C03D-49FB-AF5F-D55890BC3063}"
EndProject
Project("{2150E333-8FDC-42A3-9474-1A3956D46DE8}") = "Éléments de solution", "Éléments de solution", "{9C8CB701-102D-CF49-A3E0-89AC09D42C2C}"
	ProjectSection(SolutionItems) = preProject
		.gitignore = .gitignore
	EndProjectSection
EndProject
Project("{FAE04EC0-301F-11D3-BF4B-00C04F79EFBC}") = "MinshpWebApp.Api", "MinshpWebApp.Api\MinshpWebApp.Api.csproj", "{192D070B-D65C-4567-AE3E-AD815A4EAF8C}"
EndProject
Project("{FAE04EC0-301F-11D3-BF4B-00C04F79EFBC}") = "MinshpWebApp.IdentityServer", "MinshpWebApp.IdentityServer\MinshpWebApp.IdentityServer.csproj", "{6AAC65F7-FD4E-408F-BA9E-27DA7E023354}"
EndProject
Global
	GlobalSection(SolutionConfigurationPlatforms) = preSolution
		Debug|Any CPU = Debug|Any CPU
		Release|Any CPU = Release|Any CPU
	EndGlobalSection
	GlobalSection(ProjectConfigurationPlatforms) = postSolution
		{0EB527E1-561D-4B52-98C6-2D1C25AB7A6F}.Debug|Any CPU.ActiveCfg = Debug|Any CPU
		{0EB527E1-561D-4B52-98C6-2D1C25AB7A6F}.Debug|Any CPU.Build.0 = Debug|Any CPU
		{0EB527E1-561D-4B52-98C6-2D1C25AB7A6F}.Release|Any CPU.ActiveCfg = Release|Any CPU
		{0EB527E1-561D-4B52-98C6-2D1C25AB7A6F}.Release|Any CPU.Build.0 = Release|Any CPU
		{D6469C4F-C03D-49FB-AF5F-D55890BC3063}.Debug|Any CPU.ActiveCfg = Debug|Any CPU
		{D6469C4F-C03D-49FB-AF5F-D55890BC3063}.Debug|Any CPU.Build.0 = Debug|Any CPU
		{D6469C4F-C03D-49FB-AF5F-D55890BC3063}.Release|Any CPU.ActiveCfg = Release|Any CPU
		{D6469C4F-C03D-49FB-AF5F-D55890BC3063}.Release|Any CPU.Build.0 = Release|Any CPU
		{192D070B-D65C-4567-AE3E-AD815A4EAF8C}.Debug|Any CPU.ActiveCfg = Debug|Any CPU
		{192D070B-D65C-4567-AE3E-AD815A4EAF8C}.Debug|Any CPU.Build.0 = Debug|Any CPU
		{192D070B-D65C-4567-AE3E-AD815A4EAF8C}.Release|Any CPU.ActiveCfg = Release|Any CPU
		{192D070B-D65C-4567-AE3E-AD815A4EAF8C}.Release|Any CPU.Build.0 = Release|Any CPU
		{6AAC65F7-FD4E-408F-BA9E-27DA7E023354}.Debug|Any CPU.ActiveCfg = Debug|Any CPU
		{6AAC65F7-FD4E-408F-BA9E-27DA7E023354}.Debug|Any CPU.Build.0 = Debug|Any CPU
		{6AAC65F7-FD4E-408F-BA9E-27DA7E023354}.Release|Any CPU.ActiveCfg = Release|Any CPU
		{6AAC65F7-FD4E-408F-BA9E-27DA7E023354}.Release|Any CPU.Build.0 = Release|Any CPU
	EndGlobalSection
	GlobalSection(SolutionProperties) = preSolution
		HideSolutionNode = FALSE
	EndGlobalSection
	GlobalSection(ExtensibilityGlobals) = postSolution
		SolutionGuid = {F9EC5A9D-70B0-4C95-B279-824FCE2592CE}
	EndGlobalSection
EndGlobal
